{
  "pins" : [
    {
      "identity" : "swiftyhtmlbuilder",
      "kind" : "remoteSourceControl",
      "location" : "git@github.com:yukiny0811/SwiftyHTMLBuilder.git",
      "state" : {
        "revision" : "12f28508fe41da0465c876f51b75572b98e96eed",
        "version" : "1.0.0"
      }
    }
  ],
  "version" : 2
}
